
Microsoft Visual Studio Solution File, Format Version 12.00
# Visual Studio Version 17
VisualStudioVersion = 17.14.36518.9
MinimumVisualStudioVersion = 10.0.40219.1
Project("{FAE04EC0-301F-11D3-BF4B-00C04F79EFBC}") = "TypingLogic", "TypingLogic\TypingLogic.csproj", "{0AA98DFD-48B7-4D29-B6BA-F14F334C981F}"
EndProject
Project("{FAE04EC0-301F-11D3-BF4B-00C04F79EFBC}") = "TypingBlazor", "TypingBlazor\TypingBlazor.csproj", "{A215C71C-3420-4063-B805-B631C21B2A7A}"
	ProjectSection(ProjectDependencies) = postProject
		{0AA98DFD-48B7-4D29-B6BA-F14F334C981F} = {0AA98DFD-48B7-4D29-B6BA-F14F334C981F}
	EndProjectSection
EndProject
Global
	GlobalSection(SolutionConfigurationPlatforms) = preSolution
		Debug|Any CPU = Debug|Any CPU
		Release|Any CPU = Release|Any CPU
	EndGlobalSection
	GlobalSection(ProjectConfigurationPlatforms) = postSolution
		{0AA98DFD-48B7-4D29-B6BA-F14F334C981F}.Debug|Any CPU.ActiveCfg = Debug|Any CPU
		{0AA98DFD-48B7-4D29-B6BA-F14F334C981F}.Debug|Any CPU.Build.0 = Debug|Any CPU
		{0AA98DFD-48B7-4D29-B6BA-F14F334C981F}.Release|Any CPU.ActiveCfg = Release|Any CPU
		{0AA98DFD-48B7-4D29-B6BA-F14F334C981F}.Release|Any CPU.Build.0 = Release|Any CPU
		{A215C71C-3420-4063-B805-B631C21B2A7A}.Debug|Any CPU.ActiveCfg = Debug|Any CPU
		{A215C71C-3420-4063-B805-B631C21B2A7A}.Debug|Any CPU.Build.0 = Debug|Any CPU
		{A215C71C-3420-4063-B805-B631C21B2A7A}.Release|Any CPU.ActiveCfg = Release|Any CPU
		{A215C71C-3420-4063-B805-B631C21B2A7A}.Release|Any CPU.Build.0 = Release|Any CPU
	EndGlobalSection
	GlobalSection(SolutionProperties) = preSolution
		HideSolutionNode = FALSE
	EndGlobalSection
	GlobalSection(ExtensibilityGlobals) = postSolution
		SolutionGuid = {E2D1F273-4B24-4766-9FF5-26DE96DEE1C2}
	EndGlobalSection
EndGlobal
